
Microsoft Visual Studio Solution File, Format Version 12.00
# Visual Studio 15
VisualStudioVersion = 15.0.28307.1340
MinimumVisualStudioVersion = 10.0.40219.1
Project("{FAE04EC0-301F-11D3-BF4B-00C04F79EFBC}") = "SchoolManagement", "SchoolManagement\SchoolManagement.csproj", "{05274195-B62E-4B44-9E33-8541876F1B72}"
EndProject
Global
	GlobalSection(SolutionConfigurationPlatforms) = preSolution
		Debug|Any CPU = Debug|Any CPU
		Release|Any CPU = Release|Any CPU
	EndGlobalSection
	GlobalSection(ProjectConfigurationPlatforms) = postSolution
		{05274195-B62E-4B44-9E33-8541876F1B72}.Debug|Any CPU.ActiveCfg = Debug|Any CPU
		{05274195-B62E-4B44-9E33-8541876F1B72}.Debug|Any CPU.Build.0 = Debug|Any CPU
		{05274195-B62E-4B44-9E33-8541876F1B72}.Release|Any CPU.ActiveCfg = Release|Any CPU
		{05274195-B62E-4B44-9E33-8541876F1B72}.Release|Any CPU.Build.0 = Release|Any CPU
	EndGlobalSection
	GlobalSection(SolutionProperties) = preSolution
		HideSolutionNode = FALSE
	EndGlobalSection
	GlobalSection(ExtensibilityGlobals) = postSolution
		SolutionGuid = {F242BF56-E53B-4EAF-AAD0-5378C716A3D0}
	EndGlobalSection
EndGlobal
